
Microsoft Visual Studio Solution File, Format Version 12.00
# Visual Studio Version 17
VisualStudioVersion = 17.3.32819.101
MinimumVisualStudioVersion = 10.0.40219.1
Project("{FAE04EC0-301F-11D3-BF4B-00C04F79EFBC}") = "Array Find Max", "Array Find Max\Array Find Max.csproj", "{34DC9DF6-EB81-4DA8-85E3-9FDBDB3ADDD9}"
EndProject
Global
	GlobalSection(SolutionConfigurationPlatforms) = preSolution
		Debug|Any CPU = Debug|Any CPU
		Release|Any CPU = Release|Any CPU
	EndGlobalSection
	GlobalSection(ProjectConfigurationPlatforms) = postSolution
		{34DC9DF6-EB81-4DA8-85E3-9FDBDB3ADDD9}.Debug|Any CPU.ActiveCfg = Debug|Any CPU
		{34DC9DF6-EB81-4DA8-85E3-9FDBDB3ADDD9}.Debug|Any CPU.Build.0 = Debug|Any CPU
		{34DC9DF6-EB81-4DA8-85E3-9FDBDB3ADDD9}.Release|Any CPU.ActiveCfg = Release|Any CPU
		{34DC9DF6-EB81-4DA8-85E3-9FDBDB3ADDD9}.Release|Any CPU.Build.0 = Release|Any CPU
	EndGlobalSection
	GlobalSection(SolutionProperties) = preSolution
		HideSolutionNode = FALSE
	EndGlobalSection
	GlobalSection(ExtensibilityGlobals) = postSolution
		SolutionGuid = {19EC09A3-2FA4-4B8C-AC4E-88D76D62DEFA}
	EndGlobalSection
EndGlobal
